
Microsoft Visual Studio Solution File, Format Version 12.00
# Visual Studio Version 17
VisualStudioVersion = 17.7.34003.232
MinimumVisualStudioVersion = 10.0.40219.1
Project("{FAE04EC0-301F-11D3-BF4B-00C04F79EFBC}") = "DataLayer", "DataLayer\DataLayer.csproj", "{611F9887-F229-4728-972B-92ACF9B7C49C}"
EndProject
Project("{FAE04EC0-301F-11D3-BF4B-00C04F79EFBC}") = "BusinessLayer", "BusinessLayer\BusinessLayer.csproj", "{BE243888-B1DB-4144-9485-D79F28DDDCE5}"
EndProject
Project("{FAE04EC0-301F-11D3-BF4B-00C04F79EFBC}") = "CuaHang", "CuaHang\CuaHang.csproj", "{DB2CD3EF-FBDF-4A85-B288-BD6FDC67E14B}"
EndProject
Global
	GlobalSection(SolutionConfigurationPlatforms) = preSolution
		Debug|Any CPU = Debug|Any CPU
		Release|Any CPU = Release|Any CPU
	EndGlobalSection
	GlobalSection(ProjectConfigurationPlatforms) = postSolution
		{611F9887-F229-4728-972B-92ACF9B7C49C}.Debug|Any CPU.ActiveCfg = Debug|Any CPU
		{611F9887-F229-4728-972B-92ACF9B7C49C}.Debug|Any CPU.Build.0 = Debug|Any CPU
		{611F9887-F229-4728-972B-92ACF9B7C49C}.Release|Any CPU.ActiveCfg = Release|Any CPU
		{611F9887-F229-4728-972B-92ACF9B7C49C}.Release|Any CPU.Build.0 = Release|Any CPU
		{BE243888-B1DB-4144-9485-D79F28DDDCE5}.Debug|Any CPU.ActiveCfg = Debug|Any CPU
		{BE243888-B1DB-4144-9485-D79F28DDDCE5}.Debug|Any CPU.Build.0 = Debug|Any CPU
		{BE243888-B1DB-4144-9485-D79F28DDDCE5}.Release|Any CPU.ActiveCfg = Release|Any CPU
		{BE243888-B1DB-4144-9485-D79F28DDDCE5}.Release|Any CPU.Build.0 = Release|Any CPU
		{DB2CD3EF-FBDF-4A85-B288-BD6FDC67E14B}.Debug|Any CPU.ActiveCfg = Debug|Any CPU
		{DB2CD3EF-FBDF-4A85-B288-BD6FDC67E14B}.Debug|Any CPU.Build.0 = Debug|Any CPU
		{DB2CD3EF-FBDF-4A85-B288-BD6FDC67E14B}.Release|Any CPU.ActiveCfg = Release|Any CPU
		{DB2CD3EF-FBDF-4A85-B288-BD6FDC67E14B}.Release|Any CPU.Build.0 = Release|Any CPU
	EndGlobalSection
	GlobalSection(SolutionProperties) = preSolution
		HideSolutionNode = FALSE
	EndGlobalSection
	GlobalSection(ExtensibilityGlobals) = postSolution
		SolutionGuid = {CFF96530-6E71-4C8C-9983-714AB0DA7E86}
	EndGlobalSection
EndGlobal
