
Microsoft Visual Studio Solution File, Format Version 12.00
# Visual Studio Version 17
VisualStudioVersion = 17.7.34003.232
MinimumVisualStudioVersion = 10.0.40219.1
Project("{FAE04EC0-301F-11D3-BF4B-00C04F79EFBC}") = "CuaHangPhuKienDienThoai", "CuaHangPhuKienDienThoai\CuaHangPhuKienDienThoai.csproj", "{DC54215D-04C5-463D-A746-78D297D451DD}"
EndProject
Global
	GlobalSection(SolutionConfigurationPlatforms) = preSolution
		Debug|Any CPU = Debug|Any CPU
		Release|Any CPU = Release|Any CPU
	EndGlobalSection
	GlobalSection(ProjectConfigurationPlatforms) = postSolution
		{DC54215D-04C5-463D-A746-78D297D451DD}.Debug|Any CPU.ActiveCfg = Debug|Any CPU
		{DC54215D-04C5-463D-A746-78D297D451DD}.Debug|Any CPU.Build.0 = Debug|Any CPU
		{DC54215D-04C5-463D-A746-78D297D451DD}.Release|Any CPU.ActiveCfg = Release|Any CPU
		{DC54215D-04C5-463D-A746-78D297D451DD}.Release|Any CPU.Build.0 = Release|Any CPU
	EndGlobalSection
	GlobalSection(SolutionProperties) = preSolution
		HideSolutionNode = FALSE
	EndGlobalSection
	GlobalSection(ExtensibilityGlobals) = postSolution
		SolutionGuid = {CFF96530-6E71-4C8C-9983-714AB0DA7E86}
	EndGlobalSection
EndGlobal
